// !$*UTF8*$!
{
	archiveVersion = 1;
	classes = {
	};
	objectVersion = 55;
	objects = {

/* Begin PBXBuildFile section */
		18BFAF3D27C4FDFF00AD968A /* CredSampleApp.swift in Sources */ = {isa = PBXBuildFile; fileRef = 18BFAF3C27C4FDFF00AD968A /* CredSampleApp.swift */; };
		18BFAF3F27C4FDFF00AD968A /* ContentView.swift in Sources */ = {isa = PBXBuildFile; fileRef = 18BFAF3E27C4FDFF00AD968A /* ContentView.swift */; };
		18BFAF4127C4FE0400AD968A /* Assets.xcassets in Resources */ = {isa = PBXBuildFile; fileRef = 18BFAF4027C4FE0400AD968A /* Assets.xcassets */; };
		18BFAF4427C4FE0400AD968A /* Preview Assets.xcassets in Resources */ = {isa = PBXBuildFile; fileRef = 18BFAF4327C4FE0400AD968A /* Preview Assets.xcassets */; };
		18BFAF5027C4FF0000AD968A /* InfoRootView.swift in Sources */ = {isa = PBXBuildFile; fileRef = 18BFAF4F27C4FF0000AD968A /* InfoRootView.swift */; };
		18BFAF5227C5000800AD968A /* FirstView.swift in Sources */ = {isa = PBXBuildFile; fileRef = 18BFAF5127C5000800AD968A /* FirstView.swift */; };
/* End PBXBuildFile section */

/* Begin PBXFileReference section */
		18BFAF3927C4FDFF00AD968A /* CredSample.app */ = {isa = PBXFileReference; explicitFileType = wrapper.application; includeInIndex = 0; path = CredSample.app; sourceTree = BUILT_PRODUCTS_DIR; };
		18BFAF3C27C4FDFF00AD968A /* CredSampleApp.swift */ = {isa = PBXFileReference; lastKnownFileType = sourcecode.swift; path = CredSampleApp.swift; sourceTree = "<group>"; };
		18BFAF3E27C4FDFF00AD968A /* ContentView.swift */ = {isa = PBXFileReference; lastKnownFileType = sourcecode.swift; path = ContentView.swift; sourceTree = "<group>"; };
		18BFAF4027C4FE0400AD968A /* Assets.xcassets */ = {isa = PBXFileReference; lastKnownFileType = folder.assetcatalog; path = Assets.xcassets; sourceTree = "<group>"; };
		18BFAF4327C4FE0400AD968A /* Preview Assets.xcassets */ = {isa = PBXFileReference; lastKnownFileType = folder.assetcatalog; path = "Preview Assets.xcassets"; sourceTree = "<group>"; };
		18BFAF4F27C4FF0000AD968A /* InfoRootView.swift */ = {isa = PBXFileReference; lastKnownFileType = sourcecode.swift; path = InfoRootView.swift; sourceTree = "<group>"; };
		18BFAF5127C5000800AD968A /* FirstView.swift */ = {isa = PBXFileReference; lastKnownFileType = sourcecode.swift; path = FirstView.swift; sourceTree = "<group>"; };
/* End PBXFileReference section */

/* Begin PBXFrameworksBuildPhase section */
		18BFAF3627C4FDFF00AD968A /* Frameworks */ = {
			isa = PBXFrameworksBuildPhase;
			buildActionMask = 2147483647;
			files = (
			);
			runOnlyForDeploymentPostprocessing = 0;
		};
/* End PBXFrameworksBuildPhase section */

/* Begin PBXGroup section */
		18BFAF3027C4FDFF00AD968A = {
			isa = PBXGroup;
			children = (
				18BFAF3B27C4FDFF00AD968A /* CredSample */,
				18BFAF3A27C4FDFF00AD968A /* Products */,
			);
			sourceTree = "<group>";
		};
		18BFAF3A27C4FDFF00AD968A /* Products */ = {
			isa = PBXGroup;
			children = (
				18BFAF3927C4FDFF00AD968A /* CredSample.app */,
			);
			name = Products;
			sourceTree = "<group>";
		};
		18BFAF3B27C4FDFF00AD968A /* CredSample */ = {
			isa = PBXGroup;
			children = (
				18BFAF4E27C4FEDF00AD968A /* Models */,
				18BFAF4B27C4FE2500AD968A /* ViewModels */,
				18BFAF4A27C4FE1C00AD968A /* Views */,
				18BFAF3C27C4FDFF00AD968A /* CredSampleApp.swift */,
				18BFAF3E27C4FDFF00AD968A /* ContentView.swift */,
				18BFAF4027C4FE0400AD968A /* Assets.xcassets */,
				18BFAF4227C4FE0400AD968A /* Preview Content */,
			);
			path = CredSample;
			sourceTree = "<group>";
		};
		18BFAF4227C4FE0400AD968A /* Preview Content */ = {
			isa = PBXGroup;
			children = (
				18BFAF4327C4FE0400AD968A /* Preview Assets.xcassets */,
			);
			path = "Preview Content";
			sourceTree = "<group>";
		};
		18BFAF4A27C4FE1C00AD968A /* Views */ = {
			isa = PBXGroup;
			children = (
				18BFAF5127C5000800AD968A /* FirstView.swift */,
			);
			path = Views;
			sourceTree = "<group>";
		};
		18BFAF4B27C4FE2500AD968A /* ViewModels */ = {
			isa = PBXGroup;
			children = (
			);
			path = ViewModels;
			sourceTree = "<group>";
		};
		18BFAF4E27C4FEDF00AD968A /* Models */ = {
			isa = PBXGroup;
			children = (
				18BFAF4F27C4FF0000AD968A /* InfoRootView.swift */,
			);
			path = Models;
			sourceTree = "<group>";
		};
/* End PBXGroup section */

/* Begin PBXNativeTarget section */
		18BFAF3827C4FDFF00AD968A /* CredSample */ = {
			isa = PBXNativeTarget;
			buildConfigurationList = 18BFAF4727C4FE0400AD968A /* Build configuration list for PBXNativeTarget "CredSample" */;
			buildPhases = (
				18BFAF3527C4FDFF00AD968A /* Sources */,
				18BFAF3627C4FDFF00AD968A /* Frameworks */,
				18BFAF3727C4FDFF00AD968A /* Resources */,
			);
			buildRules = (
			);
			dependencies = (
			);
			name = CredSample;
			productName = CredSample;
			productReference = 18BFAF3927C4FDFF00AD968A /* CredSample.app */;
			productType = "com.apple.product-type.application";
		};
/* End PBXNativeTarget section */

/* Begin PBXProject section */
		18BFAF3127C4FDFF00AD968A /* Project object */ = {
			isa = PBXProject;
			attributes = {
				BuildIndependentTargetsInParallel = 1;
				LastSwiftUpdateCheck = 1310;
				LastUpgradeCheck = 1310;
				TargetAttributes = {
					18BFAF3827C4FDFF00AD968A = {
						CreatedOnToolsVersion = 13.1;
					};
				};
			};
			buildConfigurationList = 18BFAF3427C4FDFF00AD968A /* Build configuration list for PBXProject "CredSample" */;
			compatibilityVersion = "Xcode 13.0";
			developmentRegion = en;
			hasScannedForEncodings = 0;
			knownRegions = (
				en,
				Base,
			);
			mainGroup = 18BFAF3027C4FDFF00AD968A;
			productRefGroup = 18BFAF3A27C4FDFF00AD968A /* Products */;
			projectDirPath = "";
			projectRoot = "";
			targets = (
				18BFAF3827C4FDFF00AD968A /* CredSample */,
			);
		};
/* End PBXProject section */

/* Begin PBXResourcesBuildPhase section */
		18BFAF3727C4FDFF00AD968A /* Resources */ = {
			isa = PBXResourcesBuildPhase;
			buildActionMask = 2147483647;
			files = (
				18BFAF4427C4FE0400AD968A /* Preview Assets.xcassets in Resources */,
				18BFAF4127C4FE0400AD968A /* Assets.xcassets in Resources */,
			);
			runOnlyForDeploymentPostprocessing = 0;
		};
/* End PBXResourcesBuildPhase section */

/* Begin PBXSourcesBuildPhase section */
		18BFAF3527C4FDFF00AD968A /* Sources */ = {
			isa = PBXSourcesBuildPhase;
			buildActionMask = 2147483647;
			files = (
				18BFAF5027C4FF0000AD968A /* InfoRootView.swift in Sources */,
				18BFAF5227C5000800AD968A /* FirstView.swift in Sources */,
				18BFAF3F27C4FDFF00AD968A /* ContentView.swift in Sources */,
				18BFAF3D27C4FDFF00AD968A /* CredSampleApp.swift in Sources */,
			);
			runOnlyForDeploymentPostprocessing = 0;
		};
/* End PBXSourcesBuildPhase section */

/* Begin XCBuildConfiguration section */
		18BFAF4527C4FE0400AD968A /* Debug */ = {
			isa = XCBuildConfiguration;
			buildSettings = {
				ALWAYS_SEARCH_USER_PATHS = NO;
				CLANG_ANALYZER_NONNULL = YES;
				CLANG_ANALYZER_NUMBER_OBJECT_CONVERSION = YES_AGGRESSIVE;
				CLANG_CXX_LANGUAGE_STANDARD = "gnu++17";
				CLANG_CXX_LIBRARY = "libc++";
				CLANG_ENABLE_MODULES = YES;
				CLANG_ENABLE_OBJC_ARC = YES;
				CLANG_ENABLE_OBJC_WEAK = YES;
				CLANG_WARN_BLOCK_CAPTURE_AUTORELEASING = YES;
				CLANG_WARN_BOOL_CONVERSION = YES;
				CLANG_WARN_COMMA = YES;
				CLANG_WARN_CONSTANT_CONVERSION = YES;
				CLANG_WARN_DEPRECATED_OBJC_IMPLEMENTATIONS = YES;
				CLANG_WARN_DIRECT_OBJC_ISA_USAGE = YES_ERROR;
				CLANG_WARN_DOCUMENTATION_COMMENTS = YES;
				CLANG_WARN_EMPTY_BODY = YES;
				CLANG_WARN_ENUM_CONVERSION = YES;
				CLANG_WARN_INFINITE_RECURSION = YES;
				CLANG_WARN_INT_CONVERSION = YES;
				CLANG_WARN_NON_LITERAL_NULL_CONVERSION = YES;
				CLANG_WARN_OBJC_IMPLICIT_RETAIN_SELF = YES;
				CLANG_WARN_OBJC_LITERAL_CONVERSION = YES;
				CLANG_WARN_OBJC_ROOT_CLASS = YES_ERROR;
				CLANG_WARN_QUOTED_INCLUDE_IN_FRAMEWORK_HEADER = YES;
				CLANG_WARN_RANGE_LOOP_ANALYSIS = YES;
				CLANG_WARN_STRICT_PROTOTYPES = YES;
				CLANG_WARN_SUSPICIOUS_MOVE = YES;
				CLANG_WARN_UNGUARDED_AVAILABILITY = YES_AGGRESSIVE;
				CLANG_WARN_UNREACHABLE_CODE = YES;
				CLANG_WARN__DUPLICATE_METHOD_MATCH = YES;
				COPY_PHASE_STRIP = NO;
				DEBUG_INFORMATION_FORMAT = dwarf;
				ENABLE_STRICT_OBJC_MSGSEND = YES;
				ENABLE_TESTABILITY = YES;
				GCC_C_LANGUAGE_STANDARD = gnu11;
				GCC_DYNAMIC_NO_PIC = NO;
				GCC_NO_COMMON_BLOCKS = YES;
				GCC_OPTIMIZATION_LEVEL = 0;
				GCC_PREPROCESSOR_DEFINITIONS = (
					"DEBUG=1",
					"$(inherited)",
				);
				GCC_WARN_64_TO_32_BIT_CONVERSION = YES;
				GCC_WARN_ABOUT_RETURN_TYPE = YES_ERROR;
				GCC_WARN_UNDECLARED_SELECTOR = YES;
				GCC_WARN_UNINITIALIZED_AUTOS = YES_AGGRESSIVE;
				GCC_WARN_UNUSED_FUNCTION = YES;
				GCC_WARN_UNUSED_VARIABLE = YES;
				IPHONEOS_DEPLOYMENT_TARGET = 15.0;
				MTL_ENABLE_DEBUG_INFO = INCLUDE_SOURCE;
				MTL_FAST_MATH = YES;
				ONLY_ACTIVE_ARCH = YES;
				SDKROOT = iphoneos;
				SWIFT_ACTIVE_COMPILATION_CONDITIONS = DEBUG;
				SWIFT_OPTIMIZATION_LEVEL = "-Onone";
			};
			name = Debug;
		};
		18BFAF4627C4FE0400AD968A /* Release */ = {
			isa = XCBuildConfiguration;
			buildSettings = {
				ALWAYS_SEARCH_USER_PATHS = NO;
				CLANG_ANALYZER_NONNULL = YES;
				CLANG_ANALYZER_NUMBER_OBJECT_CONVERSION = YES_AGGRESSIVE;
				CLANG_CXX_LANGUAGE_STANDARD = "gnu++17";
				CLANG_CXX_LIBRARY = "libc++";
				CLANG_ENABLE_MODULES = YES;
				CLANG_ENABLE_OBJC_ARC = YES;
				CLANG_ENABLE_OBJC_WEAK = YES;
				CLANG_WARN_BLOCK_CAPTURE_AUTORELEASING = YES;
				CLANG_WARN_BOOL_CONVERSION = YES;
				CLANG_WARN_COMMA = YES;
				CLANG_WARN_CONSTANT_CONVERSION = YES;
				CLANG_WARN_DEPRECATED_OBJC_IMPLEMENTATIONS = YES;
				CLANG_WARN_DIRECT_OBJC_ISA_USAGE = YES_ERROR;
				CLANG_WARN_DOCUMENTATION_COMMENTS = YES;
				CLANG_WARN_EMPTY_BODY = YES;
				CLANG_WARN_ENUM_CONVERSION = YES;
				CLANG_WARN_INFINITE_RECURSION = YES;
				CLANG_WARN_INT_CONVERSION = YES;
				CLANG_WARN_NON_LITERAL_NULL_CONVERSION = YES;
				CLANG_WARN_OBJC_IMPLICIT_RETAIN_SELF = YES;
				CLANG_WARN_OBJC_LITERAL_CONVERSION = YES;
				CLANG_WARN_OBJC_ROOT_CLASS = YES_ERROR;
				CLANG_WARN_QUOTED_INCLUDE_IN_FRAMEWORK_HEADER = YES;
				CLANG_WARN_RANGE_LOOP_ANALYSIS = YES;
				CLANG_WARN_STRICT_PROTOTYPES = YES;
				CLANG_WARN_SUSPICIOUS_MOVE = YES;
				CLANG_WARN_UNGUARDED_AVAILABILITY = YES_AGGRESSIVE;
				CLANG_WARN_UNREACHABLE_CODE = YES;
				CLANG_WARN__DUPLICATE_METHOD_MATCH = YES;
				COPY_PHASE_STRIP = NO;
				DEBUG_INFORMATION_FORMAT = "dwarf-with-dsym";
				ENABLE_NS_ASSERTIONS = NO;
				ENABLE_STRICT_OBJC_MSGSEND = YES;
				GCC_C_LANGUAGE_STANDARD = gnu11;
				GCC_NO_COMMON_BLOCKS = YES;
				GCC_WARN_64_TO_32_BIT_CONVERSION = YES;
				GCC_WARN_ABOUT_RETURN_TYPE = YES_ERROR;
				GCC_WARN_UNDECLARED_SELECTOR = YES;
				GCC_WARN_UNINITIALIZED_AUTOS = YES_AGGRESSIVE;
				GCC_WARN_UNUSED_FUNCTION = YES;
				GCC_WARN_UNUSED_VARIABLE = YES;
				IPHONEOS_DEPLOYMENT_TARGET = 15.0;
				MTL_ENABLE_DEBUG_INFO = NO;
				MTL_FAST_MATH = YES;
				SDKROOT = iphoneos;
				SWIFT_COMPILATION_MODE = wholemodule;
				SWIFT_OPTIMIZATION_LEVEL = "-O";
				VALIDATE_PRODUCT = YES;
			};
			name = Release;
		};
		18BFAF4827C4FE0400AD968A /* Debug */ = {
			isa = XCBuildConfiguration;
			buildSettings = {
				ASSETCATALOG_COMPILER_APPICON_NAME = AppIcon;
				ASSETCATALOG_COMPILER_GLOBAL_ACCENT_COLOR_NAME = AccentColor;
				CODE_SIGN_STYLE = Automatic;
				CURRENT_PROJECT_VERSION = 1;
				DEVELOPMENT_ASSET_PATHS = "\"CredSample/Preview Content\"";
				DEVELOPMENT_TEAM = JQ7C8DUAZB;
				ENABLE_PREVIEWS = YES;
				GENERATE_INFOPLIST_FILE = YES;
				INFOPLIST_KEY_UIApplicationSceneManifest_Generation = YES;
				INFOPLIST_KEY_UIApplicationSupportsIndirectInputEvents = YES;
				INFOPLIST_KEY_UILaunchScreen_Generation = YES;
				INFOPLIST_KEY_UISupportedInterfaceOrientations_iPad = "UIInterfaceOrientationPortrait UIInterfaceOrientationPortraitUpsideDown UIInterfaceOrientationLandscapeLeft UIInterfaceOrientationLandscapeRight";
				INFOPLIST_KEY_UISupportedInterfaceOrientations_iPhone = "UIInterfaceOrientationPortrait UIInterfaceOrientationLandscapeLeft UIInterfaceOrientationLandscapeRight";
				LD_RUNPATH_SEARCH_PATHS = (
					"$(inherited)",
					"@executable_path/Frameworks",
				);
				MARKETING_VERSION = 1.0;
				PRODUCT_BUNDLE_IDENTIFIER = com.dhiman.abhishek.CredSample;
				PRODUCT_NAME = "$(TARGET_NAME)";
				SWIFT_EMIT_LOC_STRINGS = YES;
				SWIFT_VERSION = 5.0;
				TARGETED_DEVICE_FAMILY = "1,2";
			};
			name = Debug;
		};
		18BFAF4927C4FE0400AD968A /* Release */ = {
			isa = XCBuildConfiguration;
			buildSettings = {
				ASSETCATALOG_COMPILER_APPICON_NAME = AppIcon;
				ASSETCATALOG_COMPILER_GLOBAL_ACCENT_COLOR_NAME = AccentColor;
				CODE_SIGN_STYLE = Automatic;
				CURRENT_PROJECT_VERSION = 1;
				DEVELOPMENT_ASSET_PATHS = "\"CredSample/Preview Content\"";
				DEVELOPMENT_TEAM = JQ7C8DUAZB;
				ENABLE_PREVIEWS = YES;
				GENERATE_INFOPLIST_FILE = YES;
				INFOPLIST_KEY_UIApplicationSceneManifest_Generation = YES;
				INFOPLIST_KEY_UIApplicationSupportsIndirectInputEvents = YES;
				INFOPLIST_KEY_UILaunchScreen_Generation = YES;
				INFOPLIST_KEY_UISupportedInterfaceOrientations_iPad = "UIInterfaceOrientationPortrait UIInterfaceOrientationPortraitUpsideDown UIInterfaceOrientationLandscapeLeft UIInterfaceOrientationLandscapeRight";
				INFOPLIST_KEY_UISupportedInterfaceOrientations_iPhone = "UIInterfaceOrientationPortrait UIInterfaceOrientationLandscapeLeft UIInterfaceOrientationLandscapeRight";
				LD_RUNPATH_SEARCH_PATHS = (
					"$(inherited)",
					"@executable_path/Frameworks",
				);
				MARKETING_VERSION = 1.0;
				PRODUCT_BUNDLE_IDENTIFIER = com.dhiman.abhishek.CredSample;
				PRODUCT_NAME = "$(TARGET_NAME)";
				SWIFT_EMIT_LOC_STRINGS = YES;
				SWIFT_VERSION = 5.0;
				TARGETED_DEVICE_FAMILY = "1,2";
			};
			name = Release;
		};
/* End XCBuildConfiguration section */

/* Begin XCConfigurationList section */
		18BFAF3427C4FDFF00AD968A /* Build configuration list for PBXProject "CredSample" */ = {
			isa = XCConfigurationList;
			buildConfigurations = (
				18BFAF4527C4FE0400AD968A /* Debug */,
				18BFAF4627C4FE0400AD968A /* Release */,
			);
			defaultConfigurationIsVisible = 0;
			defaultConfigurationName = Release;
		};
		18BFAF4727C4FE0400AD968A /* Build configuration list for PBXNativeTarget "CredSample" */ = {
			isa = XCConfigurationList;
			buildConfigurations = (
				18BFAF4827C4FE0400AD968A /* Debug */,
				18BFAF4927C4FE0400AD968A /* Release */,
			);
			defaultConfigurationIsVisible = 0;
			defaultConfigurationName = Release;
		};
/* End XCConfigurationList section */
	};
	rootObject = 18BFAF3127C4FDFF00AD968A /* Project object */;
}
